
Microsoft Visual Studio Solution File, Format Version 12.00
Project("{FAE04EC0-301F-11D3-BF4B-00C04F79EFBC}") = "RandomWalkLatticeCipher", "RandomWalkLatticeCipher\RandomWalkLatticeCipher.csproj", "{FDC7054B-D64B-403B-8BEB-77B53C9EA0AE}"
EndProject
Global
	GlobalSection(SolutionConfigurationPlatforms) = preSolution
		Debug|Any CPU = Debug|Any CPU
		Release|Any CPU = Release|Any CPU
	EndGlobalSection
	GlobalSection(ProjectConfigurationPlatforms) = postSolution
		{FDC7054B-D64B-403B-8BEB-77B53C9EA0AE}.Debug|Any CPU.ActiveCfg = Debug|Any CPU
		{FDC7054B-D64B-403B-8BEB-77B53C9EA0AE}.Debug|Any CPU.Build.0 = Debug|Any CPU
		{FDC7054B-D64B-403B-8BEB-77B53C9EA0AE}.Release|Any CPU.ActiveCfg = Release|Any CPU
		{FDC7054B-D64B-403B-8BEB-77B53C9EA0AE}.Release|Any CPU.Build.0 = Release|Any CPU
	EndGlobalSection
EndGlobal
